
Microsoft Visual Studio Solution File, Format Version 12.00
# Visual Studio Version 17
VisualStudioVersion = 17.10.35013.160
MinimumVisualStudioVersion = 10.0.40219.1
Project("{FAE04EC0-301F-11D3-BF4B-00C04F79EFBC}") = "MyContactApp", "MyContactApp\MyContactApp.csproj", "{0310DA65-8C6C-4013-8034-C2212C41A61C}"
EndProject
Global
	GlobalSection(SolutionConfigurationPlatforms) = preSolution
		Debug|Any CPU = Debug|Any CPU
		Release|Any CPU = Release|Any CPU
	EndGlobalSection
	GlobalSection(ProjectConfigurationPlatforms) = postSolution
		{0310DA65-8C6C-4013-8034-C2212C41A61C}.Debug|Any CPU.ActiveCfg = Debug|Any CPU
		{0310DA65-8C6C-4013-8034-C2212C41A61C}.Debug|Any CPU.Build.0 = Debug|Any CPU
		{0310DA65-8C6C-4013-8034-C2212C41A61C}.Release|Any CPU.ActiveCfg = Release|Any CPU
		{0310DA65-8C6C-4013-8034-C2212C41A61C}.Release|Any CPU.Build.0 = Release|Any CPU
	EndGlobalSection
	GlobalSection(SolutionProperties) = preSolution
		HideSolutionNode = FALSE
	EndGlobalSection
	GlobalSection(ExtensibilityGlobals) = postSolution
		SolutionGuid = {660270D3-EE54-473E-9D26-77D11967747F}
	EndGlobalSection
EndGlobal
